
Microsoft Visual Studio Solution File, Format Version 12.00
# Visual Studio 15
VisualStudioVersion = 15.0.28307.645
MinimumVisualStudioVersion = 10.0.40219.1
Project("{FAE04EC0-301F-11D3-BF4B-00C04F79EFBC}") = "API-TP", "API-TP\API-TP.csproj", "{A7B8D0EE-7355-4B1B-957B-0A7B00EC557B}"
EndProject
Project("{FAE04EC0-301F-11D3-BF4B-00C04F79EFBC}") = "APP", "APP\APP.csproj", "{270CDE59-33C7-4043-B1CA-6521327EC4A4}"
EndProject
Global
	GlobalSection(SolutionConfigurationPlatforms) = preSolution
		Debug|Any CPU = Debug|Any CPU
		Release|Any CPU = Release|Any CPU
	EndGlobalSection
	GlobalSection(ProjectConfigurationPlatforms) = postSolution
		{A7B8D0EE-7355-4B1B-957B-0A7B00EC557B}.Debug|Any CPU.ActiveCfg = Debug|Any CPU
		{A7B8D0EE-7355-4B1B-957B-0A7B00EC557B}.Debug|Any CPU.Build.0 = Debug|Any CPU
		{A7B8D0EE-7355-4B1B-957B-0A7B00EC557B}.Release|Any CPU.ActiveCfg = Release|Any CPU
		{A7B8D0EE-7355-4B1B-957B-0A7B00EC557B}.Release|Any CPU.Build.0 = Release|Any CPU
		{270CDE59-33C7-4043-B1CA-6521327EC4A4}.Debug|Any CPU.ActiveCfg = Debug|Any CPU
		{270CDE59-33C7-4043-B1CA-6521327EC4A4}.Debug|Any CPU.Build.0 = Debug|Any CPU
		{270CDE59-33C7-4043-B1CA-6521327EC4A4}.Release|Any CPU.ActiveCfg = Release|Any CPU
		{270CDE59-33C7-4043-B1CA-6521327EC4A4}.Release|Any CPU.Build.0 = Release|Any CPU
	EndGlobalSection
	GlobalSection(SolutionProperties) = preSolution
		HideSolutionNode = FALSE
	EndGlobalSection
	GlobalSection(ExtensibilityGlobals) = postSolution
		SolutionGuid = {6BC4D746-601D-4632-A4B5-0C7130B1F6F4}
	EndGlobalSection
EndGlobal
